<?xml version="1.0" encoding="UTF-8"?>
<CodeBlocks_project_file>
	<FileVersion major="1" minor="6"/>
	<Project>
		<Option title="unity3d_inject"/>
		<Option makefile_is_custom="1"/>
		<Option compiler="gcc"/>
		<Option virtualFolders="CMake Files\;CMake Files\subhook\;CMake Files\subhook\test\;"/>
		<Build>
			<Target title="all">
				<Option working_dir="/home/nicholas/CLionProjects/unity3d-inject"/>
				<Option type="4"/>
				<MakeCommands>
					<Build command="/usr/bin/make -j4 -f &quot;/home/nicholas/CLionProjects/unity3d-inject/Makefile&quot;  VERBOSE=1 all"/>
					<CompileFile command="/usr/bin/make -j4 -f &quot;/home/nicholas/CLionProjects/unity3d-inject/Makefile&quot;  VERBOSE=1 &quot;$file&quot;"/>
					<Clean command="/usr/bin/make -j4 -f &quot;/home/nicholas/CLionProjects/unity3d-inject/Makefile&quot;  VERBOSE=1 clean"/>
					<DistClean command="/usr/bin/make -j4 -f &quot;/home/nicholas/CLionProjects/unity3d-inject/Makefile&quot;  VERBOSE=1 clean"/>
				</MakeCommands>
			</Target>
			<Target title="package">
				<Option working_dir="/home/nicholas/CLionProjects/unity3d-inject"/>
				<Option type="4"/>
				<MakeCommands>
					<Build command="/usr/bin/make -j4 -f &quot;/home/nicholas/CLionProjects/unity3d-inject/Makefile&quot;  VERBOSE=1 package"/>
					<CompileFile command="/usr/bin/make -j4 -f &quot;/home/nicholas/CLionProjects/unity3d-inject/Makefile&quot;  VERBOSE=1 &quot;$file&quot;"/>
					<Clean command="/usr/bin/make -j4 -f &quot;/home/nicholas/CLionProjects/unity3d-inject/Makefile&quot;  VERBOSE=1 clean"/>
					<DistClean command="/usr/bin/make -j4 -f &quot;/home/nicholas/CLionProjects/unity3d-inject/Makefile&quot;  VERBOSE=1 clean"/>
				</MakeCommands>
			</Target>
			<Target title="package_source">
				<Option working_dir="/home/nicholas/CLionProjects/unity3d-inject"/>
				<Option type="4"/>
				<MakeCommands>
					<Build command="/usr/bin/make -j4 -f &quot;/home/nicholas/CLionProjects/unity3d-inject/Makefile&quot;  VERBOSE=1 package_source"/>
					<CompileFile command="/usr/bin/make -j4 -f &quot;/home/nicholas/CLionProjects/unity3d-inject/Makefile&quot;  VERBOSE=1 &quot;$file&quot;"/>
					<Clean command="/usr/bin/make -j4 -f &quot;/home/nicholas/CLionProjects/unity3d-inject/Makefile&quot;  VERBOSE=1 clean"/>
					<DistClean command="/usr/bin/make -j4 -f &quot;/home/nicholas/CLionProjects/unity3d-inject/Makefile&quot;  VERBOSE=1 clean"/>
				</MakeCommands>
			</Target>
			<Target title="edit_cache">
				<Option working_dir="/home/nicholas/CLionProjects/unity3d-inject"/>
				<Option type="4"/>
				<MakeCommands>
					<Build command="/usr/bin/make -j4 -f &quot;/home/nicholas/CLionProjects/unity3d-inject/Makefile&quot;  VERBOSE=1 edit_cache"/>
					<CompileFile command="/usr/bin/make -j4 -f &quot;/home/nicholas/CLionProjects/unity3d-inject/Makefile&quot;  VERBOSE=1 &quot;$file&quot;"/>
					<Clean command="/usr/bin/make -j4 -f &quot;/home/nicholas/CLionProjects/unity3d-inject/Makefile&quot;  VERBOSE=1 clean"/>
					<DistClean command="/usr/bin/make -j4 -f &quot;/home/nicholas/CLionProjects/unity3d-inject/Makefile&quot;  VERBOSE=1 clean"/>
				</MakeCommands>
			</Target>
			<Target title="list_install_components">
				<Option working_dir="/home/nicholas/CLionProjects/unity3d-inject"/>
				<Option type="4"/>
				<MakeCommands>
					<Build command="/usr/bin/make -j4 -f &quot;/home/nicholas/CLionProjects/unity3d-inject/Makefile&quot;  VERBOSE=1 list_install_components"/>
					<CompileFile command="/usr/bin/make -j4 -f &quot;/home/nicholas/CLionProjects/unity3d-inject/Makefile&quot;  VERBOSE=1 &quot;$file&quot;"/>
					<Clean command="/usr/bin/make -j4 -f &quot;/home/nicholas/CLionProjects/unity3d-inject/Makefile&quot;  VERBOSE=1 clean"/>
					<DistClean command="/usr/bin/make -j4 -f &quot;/home/nicholas/CLionProjects/unity3d-inject/Makefile&quot;  VERBOSE=1 clean"/>
				</MakeCommands>
			</Target>
			<Target title="install">
				<Option working_dir="/home/nicholas/CLionProjects/unity3d-inject"/>
				<Option type="4"/>
				<MakeCommands>
					<Build command="/usr/bin/make -j4 -f &quot;/home/nicholas/CLionProjects/unity3d-inject/Makefile&quot;  VERBOSE=1 install"/>
					<CompileFile command="/usr/bin/make -j4 -f &quot;/home/nicholas/CLionProjects/unity3d-inject/Makefile&quot;  VERBOSE=1 &quot;$file&quot;"/>
					<Clean command="/usr/bin/make -j4 -f &quot;/home/nicholas/CLionProjects/unity3d-inject/Makefile&quot;  VERBOSE=1 clean"/>
					<DistClean command="/usr/bin/make -j4 -f &quot;/home/nicholas/CLionProjects/unity3d-inject/Makefile&quot;  VERBOSE=1 clean"/>
				</MakeCommands>
			</Target>
			<Target title="install/local">
				<Option working_dir="/home/nicholas/CLionProjects/unity3d-inject"/>
				<Option type="4"/>
				<MakeCommands>
					<Build command="/usr/bin/make -j4 -f &quot;/home/nicholas/CLionProjects/unity3d-inject/Makefile&quot;  VERBOSE=1 install/local"/>
					<CompileFile command="/usr/bin/make -j4 -f &quot;/home/nicholas/CLionProjects/unity3d-inject/Makefile&quot;  VERBOSE=1 &quot;$file&quot;"/>
					<Clean command="/usr/bin/make -j4 -f &quot;/home/nicholas/CLionProjects/unity3d-inject/Makefile&quot;  VERBOSE=1 clean"/>
					<DistClean command="/usr/bin/make -j4 -f &quot;/home/nicholas/CLionProjects/unity3d-inject/Makefile&quot;  VERBOSE=1 clean"/>
				</MakeCommands>
			</Target>
			<Target title="install/strip">
				<Option working_dir="/home/nicholas/CLionProjects/unity3d-inject"/>
				<Option type="4"/>
				<MakeCommands>
					<Build command="/usr/bin/make -j4 -f &quot;/home/nicholas/CLionProjects/unity3d-inject/Makefile&quot;  VERBOSE=1 install/strip"/>
					<CompileFile command="/usr/bin/make -j4 -f &quot;/home/nicholas/CLionProjects/unity3d-inject/Makefile&quot;  VERBOSE=1 &quot;$file&quot;"/>
					<Clean command="/usr/bin/make -j4 -f &quot;/home/nicholas/CLionProjects/unity3d-inject/Makefile&quot;  VERBOSE=1 clean"/>
					<DistClean command="/usr/bin/make -j4 -f &quot;/home/nicholas/CLionProjects/unity3d-inject/Makefile&quot;  VERBOSE=1 clean"/>
				</MakeCommands>
			</Target>
			<Target title="rebuild_cache">
				<Option working_dir="/home/nicholas/CLionProjects/unity3d-inject"/>
				<Option type="4"/>
				<MakeCommands>
					<Build command="/usr/bin/make -j4 -f &quot;/home/nicholas/CLionProjects/unity3d-inject/Makefile&quot;  VERBOSE=1 rebuild_cache"/>
					<CompileFile command="/usr/bin/make -j4 -f &quot;/home/nicholas/CLionProjects/unity3d-inject/Makefile&quot;  VERBOSE=1 &quot;$file&quot;"/>
					<Clean command="/usr/bin/make -j4 -f &quot;/home/nicholas/CLionProjects/unity3d-inject/Makefile&quot;  VERBOSE=1 clean"/>
					<DistClean command="/usr/bin/make -j4 -f &quot;/home/nicholas/CLionProjects/unity3d-inject/Makefile&quot;  VERBOSE=1 clean"/>
				</MakeCommands>
			</Target>
			<Target title="unity3d_inject">
				<Option output="/home/nicholas/CLionProjects/unity3d-inject/libunity3d_inject.so" prefix_auto="0" extension_auto="0"/>
				<Option working_dir="/home/nicholas/CLionProjects/unity3d-inject"/>
				<Option object_output="./"/>
				<Option type="3"/>
				<Option compiler="gcc"/>
				<Compiler>
					<Add directory="/home/nicholas/CLionProjects/unity3d-inject/subhook"/>
					<Add directory="/usr/lib/gcc/x86_64-pc-linux-gnu/6.3.1/include"/>
					<Add directory="/usr/local/include"/>
					<Add directory="/usr/lib/gcc/x86_64-pc-linux-gnu/6.3.1/include-fixed"/>
					<Add directory="/usr/include"/>
					<Add directory="/usr/lib/gcc/x86_64-pc-linux-gnu/6.3.1/../../../../include/c++/6.3.1"/>
					<Add directory="/usr/lib/gcc/x86_64-pc-linux-gnu/6.3.1/../../../../include/c++/6.3.1/x86_64-pc-linux-gnu"/>
					<Add directory="/usr/lib/gcc/x86_64-pc-linux-gnu/6.3.1/../../../../include/c++/6.3.1/backward"/>
				</Compiler>
				<MakeCommands>
					<Build command="/usr/bin/make -j4 -f &quot;/home/nicholas/CLionProjects/unity3d-inject/Makefile&quot;  VERBOSE=1 unity3d_inject"/>
					<CompileFile command="/usr/bin/make -j4 -f &quot;/home/nicholas/CLionProjects/unity3d-inject/Makefile&quot;  VERBOSE=1 &quot;$file&quot;"/>
					<Clean command="/usr/bin/make -j4 -f &quot;/home/nicholas/CLionProjects/unity3d-inject/Makefile&quot;  VERBOSE=1 clean"/>
					<DistClean command="/usr/bin/make -j4 -f &quot;/home/nicholas/CLionProjects/unity3d-inject/Makefile&quot;  VERBOSE=1 clean"/>
				</MakeCommands>
			</Target>
			<Target title="unity3d_inject/fast">
				<Option output="/home/nicholas/CLionProjects/unity3d-inject/libunity3d_inject.so" prefix_auto="0" extension_auto="0"/>
				<Option working_dir="/home/nicholas/CLionProjects/unity3d-inject"/>
				<Option object_output="./"/>
				<Option type="3"/>
				<Option compiler="gcc"/>
				<Compiler>
					<Add directory="/home/nicholas/CLionProjects/unity3d-inject/subhook"/>
					<Add directory="/usr/lib/gcc/x86_64-pc-linux-gnu/6.3.1/include"/>
					<Add directory="/usr/local/include"/>
					<Add directory="/usr/lib/gcc/x86_64-pc-linux-gnu/6.3.1/include-fixed"/>
					<Add directory="/usr/include"/>
					<Add directory="/usr/lib/gcc/x86_64-pc-linux-gnu/6.3.1/../../../../include/c++/6.3.1"/>
					<Add directory="/usr/lib/gcc/x86_64-pc-linux-gnu/6.3.1/../../../../include/c++/6.3.1/x86_64-pc-linux-gnu"/>
					<Add directory="/usr/lib/gcc/x86_64-pc-linux-gnu/6.3.1/../../../../include/c++/6.3.1/backward"/>
				</Compiler>
				<MakeCommands>
					<Build command="/usr/bin/make -j4 -f &quot;/home/nicholas/CLionProjects/unity3d-inject/Makefile&quot;  VERBOSE=1 unity3d_inject/fast"/>
					<CompileFile command="/usr/bin/make -j4 -f &quot;/home/nicholas/CLionProjects/unity3d-inject/Makefile&quot;  VERBOSE=1 &quot;$file&quot;"/>
					<Clean command="/usr/bin/make -j4 -f &quot;/home/nicholas/CLionProjects/unity3d-inject/Makefile&quot;  VERBOSE=1 clean"/>
					<DistClean command="/usr/bin/make -j4 -f &quot;/home/nicholas/CLionProjects/unity3d-inject/Makefile&quot;  VERBOSE=1 clean"/>
				</MakeCommands>
			</Target>
			<Target title="Continuous">
				<Option working_dir="/home/nicholas/CLionProjects/unity3d-inject/subhook"/>
				<Option type="4"/>
				<MakeCommands>
					<Build command="/usr/bin/make -j4 -f &quot;/home/nicholas/CLionProjects/unity3d-inject/subhook/Makefile&quot;  VERBOSE=1 Continuous"/>
					<CompileFile command="/usr/bin/make -j4 -f &quot;/home/nicholas/CLionProjects/unity3d-inject/subhook/Makefile&quot;  VERBOSE=1 &quot;$file&quot;"/>
					<Clean command="/usr/bin/make -j4 -f &quot;/home/nicholas/CLionProjects/unity3d-inject/subhook/Makefile&quot;  VERBOSE=1 clean"/>
					<DistClean command="/usr/bin/make -j4 -f &quot;/home/nicholas/CLionProjects/unity3d-inject/subhook/Makefile&quot;  VERBOSE=1 clean"/>
				</MakeCommands>
			</Target>
			<Target title="subhook">
				<Option output="/home/nicholas/CLionProjects/unity3d-inject/subhook/libsubhook.so" prefix_auto="0" extension_auto="0"/>
				<Option working_dir="/home/nicholas/CLionProjects/unity3d-inject/subhook"/>
				<Option object_output="./"/>
				<Option type="3"/>
				<Option compiler="gcc"/>
				<Compiler>
					<Add option="-DSUBHOOK_IMPLEMENTATION"/>
					<Add directory="/home/nicholas/CLionProjects/unity3d-inject/subhook"/>
					<Add directory="/usr/lib/gcc/x86_64-pc-linux-gnu/6.3.1/include"/>
					<Add directory="/usr/local/include"/>
					<Add directory="/usr/lib/gcc/x86_64-pc-linux-gnu/6.3.1/include-fixed"/>
					<Add directory="/usr/include"/>
					<Add directory="/usr/lib/gcc/x86_64-pc-linux-gnu/6.3.1/../../../../include/c++/6.3.1"/>
					<Add directory="/usr/lib/gcc/x86_64-pc-linux-gnu/6.3.1/../../../../include/c++/6.3.1/x86_64-pc-linux-gnu"/>
					<Add directory="/usr/lib/gcc/x86_64-pc-linux-gnu/6.3.1/../../../../include/c++/6.3.1/backward"/>
				</Compiler>
				<MakeCommands>
					<Build command="/usr/bin/make -j4 -f &quot;/home/nicholas/CLionProjects/unity3d-inject/subhook/Makefile&quot;  VERBOSE=1 subhook"/>
					<CompileFile command="/usr/bin/make -j4 -f &quot;/home/nicholas/CLionProjects/unity3d-inject/subhook/Makefile&quot;  VERBOSE=1 &quot;$file&quot;"/>
					<Clean command="/usr/bin/make -j4 -f &quot;/home/nicholas/CLionProjects/unity3d-inject/subhook/Makefile&quot;  VERBOSE=1 clean"/>
					<DistClean command="/usr/bin/make -j4 -f &quot;/home/nicholas/CLionProjects/unity3d-inject/subhook/Makefile&quot;  VERBOSE=1 clean"/>
				</MakeCommands>
			</Target>
			<Target title="subhook/fast">
				<Option output="/home/nicholas/CLionProjects/unity3d-inject/subhook/libsubhook.so" prefix_auto="0" extension_auto="0"/>
				<Option working_dir="/home/nicholas/CLionProjects/unity3d-inject/subhook"/>
				<Option object_output="./"/>
				<Option type="3"/>
				<Option compiler="gcc"/>
				<Compiler>
					<Add option="-DSUBHOOK_IMPLEMENTATION"/>
					<Add directory="/home/nicholas/CLionProjects/unity3d-inject/subhook"/>
					<Add directory="/usr/lib/gcc/x86_64-pc-linux-gnu/6.3.1/include"/>
					<Add directory="/usr/local/include"/>
					<Add directory="/usr/lib/gcc/x86_64-pc-linux-gnu/6.3.1/include-fixed"/>
					<Add directory="/usr/include"/>
					<Add directory="/usr/lib/gcc/x86_64-pc-linux-gnu/6.3.1/../../../../include/c++/6.3.1"/>
					<Add directory="/usr/lib/gcc/x86_64-pc-linux-gnu/6.3.1/../../../../include/c++/6.3.1/x86_64-pc-linux-gnu"/>
					<Add directory="/usr/lib/gcc/x86_64-pc-linux-gnu/6.3.1/../../../../include/c++/6.3.1/backward"/>
				</Compiler>
				<MakeCommands>
					<Build command="/usr/bin/make -j4 -f &quot;/home/nicholas/CLionProjects/unity3d-inject/subhook/Makefile&quot;  VERBOSE=1 subhook/fast"/>
					<CompileFile command="/usr/bin/make -j4 -f &quot;/home/nicholas/CLionProjects/unity3d-inject/subhook/Makefile&quot;  VERBOSE=1 &quot;$file&quot;"/>
					<Clean command="/usr/bin/make -j4 -f &quot;/home/nicholas/CLionProjects/unity3d-inject/subhook/Makefile&quot;  VERBOSE=1 clean"/>
					<DistClean command="/usr/bin/make -j4 -f &quot;/home/nicholas/CLionProjects/unity3d-inject/subhook/Makefile&quot;  VERBOSE=1 clean"/>
				</MakeCommands>
			</Target>
			<Target title="Nightly">
				<Option working_dir="/home/nicholas/CLionProjects/unity3d-inject/subhook"/>
				<Option type="4"/>
				<MakeCommands>
					<Build command="/usr/bin/make -j4 -f &quot;/home/nicholas/CLionProjects/unity3d-inject/subhook/Makefile&quot;  VERBOSE=1 Nightly"/>
					<CompileFile command="/usr/bin/make -j4 -f &quot;/home/nicholas/CLionProjects/unity3d-inject/subhook/Makefile&quot;  VERBOSE=1 &quot;$file&quot;"/>
					<Clean command="/usr/bin/make -j4 -f &quot;/home/nicholas/CLionProjects/unity3d-inject/subhook/Makefile&quot;  VERBOSE=1 clean"/>
					<DistClean command="/usr/bin/make -j4 -f &quot;/home/nicholas/CLionProjects/unity3d-inject/subhook/Makefile&quot;  VERBOSE=1 clean"/>
				</MakeCommands>
			</Target>
			<Target title="Experimental">
				<Option working_dir="/home/nicholas/CLionProjects/unity3d-inject/subhook"/>
				<Option type="4"/>
				<MakeCommands>
					<Build command="/usr/bin/make -j4 -f &quot;/home/nicholas/CLionProjects/unity3d-inject/subhook/Makefile&quot;  VERBOSE=1 Experimental"/>
					<CompileFile command="/usr/bin/make -j4 -f &quot;/home/nicholas/CLionProjects/unity3d-inject/subhook/Makefile&quot;  VERBOSE=1 &quot;$file&quot;"/>
					<Clean command="/usr/bin/make -j4 -f &quot;/home/nicholas/CLionProjects/unity3d-inject/subhook/Makefile&quot;  VERBOSE=1 clean"/>
					<DistClean command="/usr/bin/make -j4 -f &quot;/home/nicholas/CLionProjects/unity3d-inject/subhook/Makefile&quot;  VERBOSE=1 clean"/>
				</MakeCommands>
			</Target>
			<Target title="test_program">
				<Option output="/home/nicholas/CLionProjects/unity3d-inject/subhook/test/test" prefix_auto="0" extension_auto="0"/>
				<Option working_dir="/home/nicholas/CLionProjects/unity3d-inject/subhook/test"/>
				<Option object_output="./"/>
				<Option type="1"/>
				<Option compiler="gcc"/>
				<Compiler>
					<Add option="-DSUBHOOK_IMPLEMENTATION"/>
					<Add directory="/home/nicholas/CLionProjects/unity3d-inject/subhook"/>
					<Add directory="/usr/lib/gcc/x86_64-pc-linux-gnu/6.3.1/include"/>
					<Add directory="/usr/local/include"/>
					<Add directory="/usr/lib/gcc/x86_64-pc-linux-gnu/6.3.1/include-fixed"/>
					<Add directory="/usr/include"/>
					<Add directory="/usr/lib/gcc/x86_64-pc-linux-gnu/6.3.1/../../../../include/c++/6.3.1"/>
					<Add directory="/usr/lib/gcc/x86_64-pc-linux-gnu/6.3.1/../../../../include/c++/6.3.1/x86_64-pc-linux-gnu"/>
					<Add directory="/usr/lib/gcc/x86_64-pc-linux-gnu/6.3.1/../../../../include/c++/6.3.1/backward"/>
				</Compiler>
				<MakeCommands>
					<Build command="/usr/bin/make -j4 -f &quot;/home/nicholas/CLionProjects/unity3d-inject/subhook/test/Makefile&quot;  VERBOSE=1 test_program"/>
					<CompileFile command="/usr/bin/make -j4 -f &quot;/home/nicholas/CLionProjects/unity3d-inject/subhook/test/Makefile&quot;  VERBOSE=1 &quot;$file&quot;"/>
					<Clean command="/usr/bin/make -j4 -f &quot;/home/nicholas/CLionProjects/unity3d-inject/subhook/test/Makefile&quot;  VERBOSE=1 clean"/>
					<DistClean command="/usr/bin/make -j4 -f &quot;/home/nicholas/CLionProjects/unity3d-inject/subhook/test/Makefile&quot;  VERBOSE=1 clean"/>
				</MakeCommands>
			</Target>
			<Target title="test_program/fast">
				<Option output="/home/nicholas/CLionProjects/unity3d-inject/subhook/test/test" prefix_auto="0" extension_auto="0"/>
				<Option working_dir="/home/nicholas/CLionProjects/unity3d-inject/subhook/test"/>
				<Option object_output="./"/>
				<Option type="1"/>
				<Option compiler="gcc"/>
				<Compiler>
					<Add option="-DSUBHOOK_IMPLEMENTATION"/>
					<Add directory="/home/nicholas/CLionProjects/unity3d-inject/subhook"/>
					<Add directory="/usr/lib/gcc/x86_64-pc-linux-gnu/6.3.1/include"/>
					<Add directory="/usr/local/include"/>
					<Add directory="/usr/lib/gcc/x86_64-pc-linux-gnu/6.3.1/include-fixed"/>
					<Add directory="/usr/include"/>
					<Add directory="/usr/lib/gcc/x86_64-pc-linux-gnu/6.3.1/../../../../include/c++/6.3.1"/>
					<Add directory="/usr/lib/gcc/x86_64-pc-linux-gnu/6.3.1/../../../../include/c++/6.3.1/x86_64-pc-linux-gnu"/>
					<Add directory="/usr/lib/gcc/x86_64-pc-linux-gnu/6.3.1/../../../../include/c++/6.3.1/backward"/>
				</Compiler>
				<MakeCommands>
					<Build command="/usr/bin/make -j4 -f &quot;/home/nicholas/CLionProjects/unity3d-inject/subhook/test/Makefile&quot;  VERBOSE=1 test_program/fast"/>
					<CompileFile command="/usr/bin/make -j4 -f &quot;/home/nicholas/CLionProjects/unity3d-inject/subhook/test/Makefile&quot;  VERBOSE=1 &quot;$file&quot;"/>
					<Clean command="/usr/bin/make -j4 -f &quot;/home/nicholas/CLionProjects/unity3d-inject/subhook/test/Makefile&quot;  VERBOSE=1 clean"/>
					<DistClean command="/usr/bin/make -j4 -f &quot;/home/nicholas/CLionProjects/unity3d-inject/subhook/test/Makefile&quot;  VERBOSE=1 clean"/>
				</MakeCommands>
			</Target>
		</Build>
		<Unit filename="/home/nicholas/CLionProjects/unity3d-inject/src/main.cpp">
			<Option target="unity3d_inject"/>
		</Unit>
		<Unit filename="/home/nicholas/CLionProjects/unity3d-inject/src/main.h">
			<Option target="unity3d_inject"/>
		</Unit>
		<Unit filename="/home/nicholas/CLionProjects/unity3d-inject/src/mono.cpp">
			<Option target="unity3d_inject"/>
		</Unit>
		<Unit filename="/home/nicholas/CLionProjects/unity3d-inject/src/mono.h">
			<Option target="unity3d_inject"/>
		</Unit>
		<Unit filename="/home/nicholas/CLionProjects/unity3d-inject/src/types.h">
			<Option target="unity3d_inject"/>
		</Unit>
		<Unit filename="/home/nicholas/CLionProjects/unity3d-inject/src/utility.cpp">
			<Option target="unity3d_inject"/>
		</Unit>
		<Unit filename="/home/nicholas/CLionProjects/unity3d-inject/src/utility.h">
			<Option target="unity3d_inject"/>
		</Unit>
		<Unit filename="/home/nicholas/CLionProjects/unity3d-inject/subhook/subhook.c">
			<Option target="subhook"/>
		</Unit>
		<Unit filename="/home/nicholas/CLionProjects/unity3d-inject/subhook/subhook.h">
			<Option target="subhook"/>
		</Unit>
		<Unit filename="/home/nicholas/CLionProjects/unity3d-inject/subhook/subhook_private.h">
			<Option target="subhook"/>
		</Unit>
		<Unit filename="/home/nicholas/CLionProjects/unity3d-inject/subhook/test/test.cpp">
			<Option target="test_program"/>
		</Unit>
		<Unit filename="/home/nicholas/CLionProjects/unity3d-inject/CMakeLists.txt">
			<Option virtualFolder="CMake Files\"/>
		</Unit>
		<Unit filename="/home/nicholas/CLionProjects/unity3d-inject/subhook/CMakeLists.txt">
			<Option virtualFolder="CMake Files\subhook\"/>
		</Unit>
		<Unit filename="/home/nicholas/CLionProjects/unity3d-inject/subhook/CMakeLists.txt">
			<Option virtualFolder="CMake Files\subhook\"/>
		</Unit>
		<Unit filename="/home/nicholas/CLionProjects/unity3d-inject/subhook/test/CMakeLists.txt">
			<Option virtualFolder="CMake Files\subhook\test\"/>
		</Unit>
		<Unit filename="/home/nicholas/CLionProjects/unity3d-inject/subhook/test/CMakeLists.txt">
			<Option virtualFolder="CMake Files\subhook\test\"/>
		</Unit>
	</Project>
</CodeBlocks_project_file>
